{
  "nodes": {
    "devenv": {
      "locked": {
        "dir": "src/modules",
        "lastModified": 1791471428,
        "narHash": "sha256-Iva5vlTiCPCHx3k3X7VFMn/TRJxcThJAUuOGjOAsHhQ=",
        "owner": "cachix",
        "repo": "devenv",
        "rev": "c69190c2702bad99474200b6b7a80be86146ae71",
        "type": "github"
      },
      "original": {
        "dir": "src/modules",
        "owner": "cachix",
        "repo": "devenv",
        "type": "github"
      }
    },
    "nixpkgs": {
      "locked": {
        "lastModified": 1786201459,
        "narHash": "sha256-CiOTEjmwAmG2AWnaIno9YaCJJmpca2FXPhMAsnrolCg=",
        "owner": "NixOS",
        "repo": "nixpkgs",
        "rev": "8b8c811c7c2541c30382c5de7ed26be055569c60",
        "type": "github"
      },
      "original": {
        "owner": "NixOS",
        "ref": "nixos-26.05",
        "repo": "nixpkgs",
        "type": "github"
      }
    },
    "nixpkgs_2": {
      "locked": {
        "lastModified": 1744536153,
        "narHash": "sha256-awS2zRgF4uTwrOKwwiJcByDzDOdo3Q1rPZbiHQg/N38=",
        "owner": "NixOS",
        "repo": "nixpkgs",
        "rev": "18dd725c29603f582cf1900e0d25f9f1063dbf11",
        "type": "github"
      },
      "original": {
        "owner": "NixOS",
        "ref": "nixpkgs-unstable",
        "repo": "nixpkgs",
        "type": "github"
      }
    },
    "pkgs-mod": {
      "inputs": {
        "nixpkgs": "nixpkgs"
      },
      "locked": {
        "lastModified": 1791379873,
        "narHash": "sha256-MQcj8cU6ILlXWFue9qgXJgTJLocMd/Qo/wm1xPtHQB8=",
        "owner": "VITO-RMA",
        "repo": "nix-pkgs",
        "rev": "32c48d63dba581108dfaa2c39895c222c4a5a257",
        "type": "github"
      },
      "original": {
        "owner": "VITO-RMA",
        "ref": "main",
        "repo": "nix-pkgs",
        "type": "github"
      }
    },
    "root": {
      "inputs": {
        "devenv": "devenv",
        "nixpkgs": [
          "pkgs-mod",
          "nixpkgs"
        ],
        "pkgs-mod": "pkgs-mod",
        "rust-overlay": "rust-overlay",
        "s-stack": "s-stack"
      }
    },
    "rust-overlay": {
      "inputs": {
        "nixpkgs": "nixpkgs_2"
      },
      "locked": {
        "lastModified": 1791535654,
        "narHash": "sha256-QFgGi6Wgh7AgqPFdAXEmkTgnR0B5M0omheIHvo/02dU=",
        "owner": "oxalica",
        "repo": "rust-overlay",
        "rev": "4ca2963243427cb86bd6b4d9ca6010db0162a619",
        "type": "github"
      },
      "original": {
        "owner": "oxalica",
        "repo": "rust-overlay",
        "type": "github"
      }
    },
    "s-stack": {
      "flake": false,
      "locked": {
        "lastModified": 1783618785,
        "narHash": "sha256-dNEnuzJ9SPvNZ//HHHBbOCEWh493S79LKMHzEXeMGYY=",
        "owner": "stolinski",
        "repo": "s-stack",
        "rev": "3cc9e7c22e7e1039297ac6aa98923dc1ac963351",
        "type": "github"
      },
      "original": {
        "owner": "stolinski",
        "ref": "main",
        "repo": "s-stack",
        "type": "github"
      }
    }
  },
  "root": "root",
  "version": 7
}