{
  "nodes": {
    "devenv": {
      "locked": {
        "dir": "src/modules",
        "lastModified": 1787159631,
        "narHash": "sha256-pK/PYbBHT9bt7zvQ2kB83pkMibZfQadlZha7U25qtRs=",
        "owner": "cachix",
        "repo": "devenv",
        "rev": "267cf2eb26840c5ec73bce0a82046ec8907ece11",
        "type": "github"
      },
      "original": {
        "dir": "src/modules",
        "owner": "cachix",
        "repo": "devenv",
        "type": "github"
      }
    },
    "nixpkgs": {
      "locked": {
        "lastModified": 1786201459,
        "narHash": "sha256-CiOTEjmwAmG2AWnaIno9YaCJJmpca2FXPhMAsnrolCg=",
        "owner": "NixOS",
        "repo": "nixpkgs",
        "rev": "8b8c811c7c2541c30382c5de7ed26be055569c60",
        "type": "github"
      },
      "original": {
        "owner": "NixOS",
        "ref": "nixos-26.05",
        "repo": "nixpkgs",
        "type": "github"
      }
    },
    "nixpkgs_2": {
      "locked": {
        "lastModified": 1744536153,
        "narHash": "sha256-awS2zRgF4uTwrOKwwiJcByDzDOdo3Q1rPZbiHQg/N38=",
        "owner": "NixOS",
        "repo": "nixpkgs",
        "rev": "18dd725c29603f582cf1900e0d25f9f1063dbf11",
        "type": "github"
      },
      "original": {
        "owner": "NixOS",
        "ref": "nixpkgs-unstable",
        "repo": "nixpkgs",
        "type": "github"
      }
    },
    "pkgs-mod": {
      "inputs": {
        "nixpkgs": "nixpkgs"
      },
      "locked": {
        "lastModified": 1787224875,
        "narHash": "sha256-gAebHe+ID5aMibn81treLu6N6Jn2T0p2T1Xm9xGT3oE=",
        "owner": "VITO-RMA",
        "repo": "nix-pkgs",
        "rev": "728d044d544286c368e3810182f666a4319fa6a1",
        "type": "github"
      },
      "original": {
        "owner": "VITO-RMA",
        "ref": "main",
        "repo": "nix-pkgs",
        "type": "github"
      }
    },
    "root": {
      "inputs": {
        "devenv": "devenv",
        "nixpkgs": [
          "pkgs-mod",
          "nixpkgs"
        ],
        "pkgs-mod": "pkgs-mod",
        "rust-overlay": "rust-overlay"
      }
    },
    "rust-overlay": {
      "inputs": {
        "nixpkgs": "nixpkgs_2"
      },
      "locked": {
        "lastModified": 1787194935,
        "narHash": "sha256-Gt6JpppReMxPGkbPcQhz+1qp+NUUf4oIwzRy+ptJgTk=",
        "owner": "oxalica",
        "repo": "rust-overlay",
        "rev": "cb98e96d632d0010a7e56c098c51729cb179cc75",
        "type": "github"
      },
      "original": {
        "owner": "oxalica",
        "repo": "rust-overlay",
        "type": "github"
      }
    }
  },
  "root": "root",
  "version": 7
}