version: 6
environments:
  default:
    channels:
    - url: https://conda.anaconda.org/conda-forge/
    packages:
      osx-64:
      - conda: https://conda.anaconda.org/conda-forge/osx-64/aws-c-auth-0.8.0-h873230a_15.conda
      - conda: https://conda.anaconda.org/conda-forge/osx-64/aws-c-cal-0.8.1-hc0df2db_3.conda
      - conda: https://conda.anaconda.org/conda-forge/osx-64/aws-c-common-0.10.6-h6e16a3a_0.conda
      - conda: https://conda.anaconda.org/conda-forge/osx-64/aws-c-compression-0.3.0-hc0df2db_5.conda
      - conda: https://conda.anaconda.org/conda-forge/osx-64/aws-c-event-stream-0.5.0-h8236443_11.conda
      - conda: https://conda.anaconda.org/conda-forge/osx-64/aws-c-http-0.9.2-h5492b4a_4.conda
      - conda: https://conda.anaconda.org/conda-forge/osx-64/aws-c-io-0.15.3-h7bd4489_5.conda
      - conda: https://conda.anaconda.org/conda-forge/osx-64/aws-c-mqtt-0.11.0-h3488609_12.conda
      - conda: https://conda.anaconda.org/conda-forge/osx-64/aws-c-s3-0.7.7-ha6e97d4_0.conda
      - conda: https://conda.anaconda.org/conda-forge/osx-64/aws-c-sdkutils-0.2.1-hc0df2db_4.conda
      - conda: https://conda.anaconda.org/conda-forge/osx-64/aws-checksums-0.2.2-hc0df2db_4.conda
      - conda: https://conda.anaconda.org/conda-forge/osx-64/aws-crt-cpp-0.29.7-hd560ef9_7.conda
      - conda: https://conda.anaconda.org/conda-forge/osx-64/aws-sdk-cpp-1.11.458-ha9aef39_4.conda
      - conda: https://conda.anaconda.org/conda-forge/osx-64/azure-core-cpp-1.14.0-h9a36307_0.conda
      - conda: https://conda.anaconda.org/conda-forge/osx-64/azure-identity-cpp-1.10.0-ha4e2ba9_0.conda
      - conda: https://conda.anaconda.org/conda-forge/osx-64/azure-storage-blobs-cpp-12.13.0-h3d2f5f1_1.conda
      - conda: https://conda.anaconda.org/conda-forge/osx-64/azure-storage-common-cpp-12.8.0-h1ccc5ac_1.conda
      - conda: https://conda.anaconda.org/conda-forge/osx-64/azure-storage-files-datalake-cpp-12.12.0-h86941f0_1.conda
      - conda: https://conda.anaconda.org/conda-forge/osx-64/bzip2-1.0.8-hfdf4475_7.conda
      - conda: https://conda.anaconda.org/conda-forge/osx-64/c-ares-1.34.4-hf13058a_0.conda
      - conda: https://conda.anaconda.org/conda-forge/osx-64/ca-certificates-2024.12.14-h8857fd0_0.conda
      - conda: https://conda.anaconda.org/conda-forge/osx-64/gflags-2.2.2-hac325c4_1005.conda
      - conda: https://conda.anaconda.org/conda-forge/osx-64/glog-0.7.1-h2790a97_0.conda
      - conda: https://conda.anaconda.org/conda-forge/osx-64/krb5-1.21.3-h37d8d59_0.conda
      - conda: https://conda.anaconda.org/conda-forge/osx-64/libabseil-20240722.0-cxx17_h0e468a2_4.conda
      - conda: https://conda.anaconda.org/conda-forge/osx-64/libarrow-18.1.0-h731e907_7_cpu.conda
      - conda: https://conda.anaconda.org/conda-forge/osx-64/libarrow-acero-18.1.0-ha6338a2_7_cpu.conda
      - conda: https://conda.anaconda.org/conda-forge/osx-64/libarrow-dataset-18.1.0-ha6338a2_7_cpu.conda
      - conda: https://conda.anaconda.org/conda-forge/osx-64/libarrow-substrait-18.1.0-h5c2345d_7_cpu.conda
      - conda: https://conda.anaconda.org/conda-forge/osx-64/libbrotlicommon-1.1.0-h00291cd_2.conda
      - conda: https://conda.anaconda.org/conda-forge/osx-64/libbrotlidec-1.1.0-h00291cd_2.conda
      - conda: https://conda.anaconda.org/conda-forge/osx-64/libbrotlienc-1.1.0-h00291cd_2.conda
      - conda: https://conda.anaconda.org/conda-forge/osx-64/libcrc32c-1.1.2-he49afe7_0.tar.bz2
      - conda: https://conda.anaconda.org/conda-forge/osx-64/libcurl-8.11.1-h5dec5d8_0.conda
      - conda: https://conda.anaconda.org/conda-forge/osx-64/libcxx-19.1.6-hf95d169_1.conda
      - conda: https://conda.anaconda.org/conda-forge/osx-64/libedit-3.1.20240808-pl5321ha958ccf_0.conda
      - conda: https://conda.anaconda.org/conda-forge/osx-64/libev-4.33-h10d778d_2.conda
      - conda: https://conda.anaconda.org/conda-forge/osx-64/libevent-2.1.12-ha90c15b_1.conda
      - conda: https://conda.anaconda.org/conda-forge/osx-64/libexpat-2.6.4-h240833e_0.conda
      - conda: https://conda.anaconda.org/conda-forge/osx-64/libffi-3.4.2-h0d85af4_5.tar.bz2
      - conda: https://conda.anaconda.org/conda-forge/osx-64/libgoogle-cloud-2.33.0-h7000a09_1.conda
      - conda: https://conda.anaconda.org/conda-forge/osx-64/libgoogle-cloud-storage-2.33.0-h3f2b517_1.conda
      - conda: https://conda.anaconda.org/conda-forge/osx-64/libgrpc-1.67.1-h4896ac0_1.conda
      - conda: https://conda.anaconda.org/conda-forge/osx-64/libiconv-1.17-hd75f5a5_2.conda
      - conda: https://conda.anaconda.org/conda-forge/osx-64/liblzma-5.6.3-hd471939_1.conda
      - conda: https://conda.anaconda.org/conda-forge/osx-64/libnghttp2-1.64.0-hc7306c3_0.conda
      - conda: https://conda.anaconda.org/conda-forge/osx-64/libparquet-18.1.0-h3e22b07_7_cpu.conda
      - conda: https://conda.anaconda.org/conda-forge/osx-64/libprotobuf-5.28.3-h6401091_1.conda
      - conda: https://conda.anaconda.org/conda-forge/osx-64/libre2-11-2024.07.02-h0e468a2_2.conda
      - conda: https://conda.anaconda.org/conda-forge/osx-64/libsqlite-3.47.2-hdb6dae5_0.conda
      - conda: https://conda.anaconda.org/conda-forge/osx-64/libssh2-1.11.1-h3dc7d44_0.conda
      - conda: https://conda.anaconda.org/conda-forge/osx-64/libthrift-0.21.0-h75589b3_0.conda
      - conda: https://conda.anaconda.org/conda-forge/osx-64/libutf8proc-2.9.0-h6e16a3a_1.conda
      - conda: https://conda.anaconda.org/conda-forge/osx-64/libxml2-2.13.5-he8ee3e7_1.conda
      - conda: https://conda.anaconda.org/conda-forge/osx-64/libzlib-1.3.1-hd23fc13_2.conda
      - conda: https://conda.anaconda.org/conda-forge/osx-64/lz4-c-1.10.0-h240833e_1.conda
      - conda: https://conda.anaconda.org/conda-forge/osx-64/ncurses-6.5-hf036a51_1.conda
      - conda: https://conda.anaconda.org/conda-forge/osx-64/openssl-3.4.0-hc426f3f_1.conda
      - conda: https://conda.anaconda.org/conda-forge/osx-64/orc-2.0.3-h85ea3fe_2.conda
      - conda: https://conda.anaconda.org/conda-forge/osx-64/pyarrow-18.1.0-py312hb401068_0.conda
      - conda: https://conda.anaconda.org/conda-forge/osx-64/pyarrow-core-18.1.0-py312h5157fe3_0_cpu.conda
      - conda: https://conda.anaconda.org/conda-forge/osx-64/python-3.12.8-h9ccd52b_1_cpython.conda
      - conda: https://conda.anaconda.org/conda-forge/osx-64/python_abi-3.12-5_cp312.conda
      - conda: https://conda.anaconda.org/conda-forge/osx-64/re2-2024.07.02-ha5e900a_2.conda
      - conda: https://conda.anaconda.org/conda-forge/osx-64/readline-8.2-h9e318b2_1.conda
      - conda: https://conda.anaconda.org/conda-forge/osx-64/snappy-1.2.1-haf3c120_1.conda
      - conda: https://conda.anaconda.org/conda-forge/osx-64/tk-8.6.13-h1abcd95_1.conda
      - conda: https://conda.anaconda.org/conda-forge/noarch/tzdata-2024b-hc8b5060_0.conda
      - conda: https://conda.anaconda.org/conda-forge/osx-64/zstd-1.5.6-h915ae27_0.conda
packages:
- conda: https://conda.anaconda.org/conda-forge/osx-64/aws-c-auth-0.8.0-h873230a_15.conda
  sha256: 04ed202177b6f28c00067227b98d8e571782a368208ae4448ce0b4913ac78ec3
  md5: ef442d2832804feeb016363891e50072
  depends:
  - __osx >=10.13
  - aws-c-cal >=0.8.1,<0.8.2.0a0
  - aws-c-common >=0.10.6,<0.10.7.0a0
  - aws-c-http >=0.9.2,<0.9.3.0a0
  - aws-c-io >=0.15.3,<0.15.4.0a0
  - aws-c-sdkutils >=0.2.1,<0.2.2.0a0
  arch: x86_64
  platform: osx
  license: Apache-2.0
  license_family: Apache
  size: 94629
  timestamp: 1734021745969
- conda: https://conda.anaconda.org/conda-forge/osx-64/aws-c-cal-0.8.1-hc0df2db_3.conda
  sha256: 11db519ebf28a11b0e5ebc14ef15afff64763f6d1df181831f1660605423a0f8
  md5: a9d2198575baadd2211190358a2a6b3e
  depends:
  - __osx >=10.13
  - aws-c-common >=0.10.6,<0.10.7.0a0
  - openssl >=3.3.1,<4.0a0
  arch: x86_64
  platform: osx
  license: Apache-2.0
  license_family: Apache
  size: 39320
  timestamp: 1733991644367
- conda: https://conda.anaconda.org/conda-forge/osx-64/aws-c-common-0.10.6-h6e16a3a_0.conda
  sha256: fd38587825ade82ddbf4752136679e5cb9700bd3520aafc2db950a28ec4ecfa8
  md5: 9f0bbd4a339c01ec81d7e19cbb9ad2ed
  depends:
  - __osx >=10.13
  arch: x86_64
  platform: osx
  license: Apache-2.0
  license_family: Apache
  size: 227749
  timestamp: 1733975583583
- conda: https://conda.anaconda.org/conda-forge/osx-64/aws-c-compression-0.3.0-hc0df2db_5.conda
  sha256: e3aa29e79c45ea80e7eb575c461bede53a9d82905da36f4a9e0379825cc5475e
  md5: a9c8558d5bfcc336c83ae7ea91593c18
  depends:
  - __osx >=10.13
  - aws-c-common >=0.10.6,<0.10.7.0a0
  arch: x86_64
  platform: osx
  license: Apache-2.0
  license_family: Apache
  size: 18022
  timestamp: 1733991666918
- conda: https://conda.anaconda.org/conda-forge/osx-64/aws-c-event-stream-0.5.0-h8236443_11.conda
  sha256: e8403a2afca0b1f584f5b98e18a82e5b05292fb66cc24bb83c219b0ff23b814f
  md5: b310a8a7c25dd982af1ad491b3705418
  depends:
  - __osx >=10.13
  - aws-c-common >=0.10.6,<0.10.7.0a0
  - aws-c-io >=0.15.3,<0.15.4.0a0
  - aws-checksums >=0.2.2,<0.2.3.0a0
  - libcxx >=18
  arch: x86_64
  platform: osx
  license: Apache-2.0
  license_family: Apache
  size: 46857
  timestamp: 1734024549117
- conda: https://conda.anaconda.org/conda-forge/osx-64/aws-c-http-0.9.2-h5492b4a_4.conda
  sha256: bf613d96f1c71f38c93c39522f2ef8ede58571302c797316ada933a566a86ef6
  md5: 4a93c133064fca271b5a8ea42daa5a96
  depends:
  - __osx >=10.13
  - aws-c-cal >=0.8.1,<0.8.2.0a0
  - aws-c-common >=0.10.6,<0.10.7.0a0
  - aws-c-compression >=0.3.0,<0.3.1.0a0
  - aws-c-io >=0.15.3,<0.15.4.0a0
  arch: x86_64
  platform: osx
  license: Apache-2.0
  license_family: Apache
  size: 165311
  timestamp: 1734008547017
- conda: https://conda.anaconda.org/conda-forge/osx-64/aws-c-io-0.15.3-h7bd4489_5.conda
  sha256: 0c00828f49a39eab31ae616dcab1e343cc3f984ee5bd3f1fb6664ae2811f8216
  md5: d664a20e560c865f229d5c629e17e8a8
  depends:
  - __osx >=10.13
  - aws-c-cal >=0.8.1,<0.8.2.0a0
  - aws-c-common >=0.10.6,<0.10.7.0a0
  arch: x86_64
  platform: osx
  license: Apache-2.0
  license_family: Apache
  size: 138107
  timestamp: 1734433634130
- conda: https://conda.anaconda.org/conda-forge/osx-64/aws-c-mqtt-0.11.0-h3488609_12.conda
  sha256: f740c56238c096dceeab635324ca9ea8a6a80bcd89a09d69616f08d0aa9f8d42
  md5: 5028bbe899aaf6f760d1b67967d9fe58
  depends:
  - __osx >=10.13
  - aws-c-common >=0.10.6,<0.10.7.0a0
  - aws-c-http >=0.9.2,<0.9.3.0a0
  - aws-c-io >=0.15.3,<0.15.4.0a0
  arch: x86_64
  platform: osx
  license: Apache-2.0
  license_family: Apache
  size: 164115
  timestamp: 1734025863980
- conda: https://conda.anaconda.org/conda-forge/osx-64/aws-c-s3-0.7.7-ha6e97d4_0.conda
  sha256: 485563ce93394779c1a1a0f61ce2d864eebbddca25320cd621f78cc340d6474f
  md5: 9c2a8adda286862a887007d9ea596012
  depends:
  - __osx >=10.13
  - aws-c-auth >=0.8.0,<0.8.1.0a0
  - aws-c-cal >=0.8.1,<0.8.2.0a0
  - aws-c-common >=0.10.6,<0.10.7.0a0
  - aws-c-http >=0.9.2,<0.9.3.0a0
  - aws-c-io >=0.15.3,<0.15.4.0a0
  - aws-checksums >=0.2.2,<0.2.3.0a0
  arch: x86_64
  platform: osx
  license: Apache-2.0
  license_family: Apache
  size: 99191
  timestamp: 1734146185920
- conda: https://conda.anaconda.org/conda-forge/osx-64/aws-c-sdkutils-0.2.1-hc0df2db_4.conda
  sha256: a13ad2d7bd09f47020e947fa9b85e13e077f9a0d04e31ddbdb2dc1208796e0ca
  md5: fa336df05cdb12058101641caaad3ed5
  depends:
  - __osx >=10.13
  - aws-c-common >=0.10.6,<0.10.7.0a0
  arch: x86_64
  platform: osx
  license: Apache-2.0
  license_family: Apache
  size: 51248
  timestamp: 1733994479827
- conda: https://conda.anaconda.org/conda-forge/osx-64/aws-checksums-0.2.2-hc0df2db_4.conda
  sha256: b7dd703e9ca92f4e64d0d9f7dd1a4e87528959b3d37876a2836172f684d904bd
  md5: 7575377b784344407b89a469e077ffa2
  depends:
  - __osx >=10.13
  - aws-c-common >=0.10.6,<0.10.7.0a0
  arch: x86_64
  platform: osx
  license: Apache-2.0
  license_family: Apache
  size: 70949
  timestamp: 1733994439164
- conda: https://conda.anaconda.org/conda-forge/osx-64/aws-crt-cpp-0.29.7-hd560ef9_7.conda
  sha256: dcccf47445bc1009f709e63716d2da4546b15ade3b7793401952353007a82a02
  md5: 5b166de6bca5c4a03cf8ef4d49f4a677
  depends:
  - __osx >=10.13
  - aws-c-auth >=0.8.0,<0.8.1.0a0
  - aws-c-cal >=0.8.1,<0.8.2.0a0
  - aws-c-common >=0.10.6,<0.10.7.0a0
  - aws-c-event-stream >=0.5.0,<0.5.1.0a0
  - aws-c-http >=0.9.2,<0.9.3.0a0
  - aws-c-io >=0.15.3,<0.15.4.0a0
  - aws-c-mqtt >=0.11.0,<0.11.1.0a0
  - aws-c-s3 >=0.7.7,<0.7.8.0a0
  - aws-c-sdkutils >=0.2.1,<0.2.2.0a0
  - libcxx >=18
  arch: x86_64
  platform: osx
  license: Apache-2.0
  license_family: Apache
  size: 298100
  timestamp: 1734177998686
- conda: https://conda.anaconda.org/conda-forge/osx-64/aws-sdk-cpp-1.11.458-ha9aef39_4.conda
  sha256: 39860e8a067e347a8d9056cee00f50e3ce2197eaf2b8e9527698919f41662d34
  md5: edc54d0223ef401115003daac62d9784
  depends:
  - __osx >=10.13
  - aws-c-common >=0.10.6,<0.10.7.0a0
  - aws-c-event-stream >=0.5.0,<0.5.1.0a0
  - aws-checksums >=0.2.2,<0.2.3.0a0
  - aws-crt-cpp >=0.29.7,<0.29.8.0a0
  - libcurl >=8.11.1,<9.0a0
  - libcxx >=18
  - libzlib >=1.3.1,<2.0a0
  - openssl >=3.4.0,<4.0a0
  arch: x86_64
  platform: osx
  license: Apache-2.0
  license_family: Apache
  size: 2860211
  timestamp: 1734093940172
- conda: https://conda.anaconda.org/conda-forge/osx-64/azure-core-cpp-1.14.0-h9a36307_0.conda
  sha256: c7694fc16b9aebeb6ee5e4f80019b477a181d961a3e4d9b6a66b77777eb754fe
  md5: 1082a031824b12a2be731d600cfa5ccb
  depends:
  - __osx >=10.13
  - libcurl >=8.10.1,<9.0a0
  - libcxx >=17
  - openssl >=3.3.2,<4.0a0
  arch: x86_64
  platform: osx
  license: MIT
  license_family: MIT
  size: 303166
  timestamp: 1728053999891
- conda: https://conda.anaconda.org/conda-forge/osx-64/azure-identity-cpp-1.10.0-ha4e2ba9_0.conda
  sha256: b9899b9698a6c7353fc5078c449105aae58635d217befbc8ca9d5a527198019b
  md5: ad56b6a4b8931d37a2cf5bc724a46f01
  depends:
  - __osx >=10.13
  - azure-core-cpp >=1.14.0,<1.14.1.0a0
  - libcxx >=17
  - openssl >=3.3.2,<4.0a0
  arch: x86_64
  platform: osx
  license: MIT
  license_family: MIT
  size: 175344
  timestamp: 1728487066445
- conda: https://conda.anaconda.org/conda-forge/osx-64/azure-storage-blobs-cpp-12.13.0-h3d2f5f1_1.conda
  sha256: 31984e52450230d04ca98d5232dbe256e5ef6e32b15d46124135c6e64790010d
  md5: 3df4fb5d6d0e7b3fb28e071aff23787e
  depends:
  - __osx >=10.13
  - azure-core-cpp >=1.14.0,<1.14.1.0a0
  - azure-storage-common-cpp >=12.8.0,<12.8.1.0a0
  - libcxx >=17
  arch: x86_64
  platform: osx
  license: MIT
  license_family: MIT
  size: 445040
  timestamp: 1728578180436
- conda: https://conda.anaconda.org/conda-forge/osx-64/azure-storage-common-cpp-12.8.0-h1ccc5ac_1.conda
  sha256: 51fb67d2991d105b8f7b97b4810cd63bac4dc421a4a9c83c15a98ca520a42e1e
  md5: 5b3e79eb148d6e30d6c697788bad9960
  depends:
  - __osx >=10.13
  - azure-core-cpp >=1.14.0,<1.14.1.0a0
  - libcxx >=17
  - libxml2 >=2.12.7,<3.0a0
  - openssl >=3.3.2,<4.0a0
  arch: x86_64
  platform: osx
  license: MIT
  license_family: MIT
  size: 126229
  timestamp: 1728563580392
- conda: https://conda.anaconda.org/conda-forge/osx-64/azure-storage-files-datalake-cpp-12.12.0-h86941f0_1.conda
  sha256: 12d95251a8793ea2e78f494e69353a930e9ea06bbaaaa4ccb6e5b3e35ee0744f
  md5: 60452336e7f61f6fdaaff69264ee112e
  depends:
  - __osx >=10.13
  - azure-core-cpp >=1.14.0,<1.14.1.0a0
  - azure-storage-blobs-cpp >=12.13.0,<12.13.1.0a0
  - azure-storage-common-cpp >=12.8.0,<12.8.1.0a0
  - libcxx >=17
  arch: x86_64
  platform: osx
  license: MIT
  license_family: MIT
  size: 200991
  timestamp: 1728729588371
- conda: https://conda.anaconda.org/conda-forge/osx-64/bzip2-1.0.8-hfdf4475_7.conda
  sha256: cad153608b81fb24fc8c509357daa9ae4e49dfc535b2cb49b91e23dbd68fc3c5
  md5: 7ed4301d437b59045be7e051a0308211
  depends:
  - __osx >=10.13
  arch: x86_64
  platform: osx
  license: bzip2-1.0.6
  license_family: BSD
  size: 134188
  timestamp: 1720974491916
- conda: https://conda.anaconda.org/conda-forge/osx-64/c-ares-1.34.4-hf13058a_0.conda
  sha256: 8dcc1628d34fe7d759f3a7dee52e09c5162a3f9669dddd6100bff965450f4a0a
  md5: 133255af67aaf1e0c0468cc753fd800b
  depends:
  - __osx >=10.13
  arch: x86_64
  platform: osx
  license: MIT
  license_family: MIT
  size: 184455
  timestamp: 1734208242547
- conda: https://conda.anaconda.org/conda-forge/osx-64/ca-certificates-2024.12.14-h8857fd0_0.conda
  sha256: ddaafdcd1b8ace6ffeea22b6824ca9db8a64cf0a2652a11d7554ece54935fa06
  md5: b7b887091c99ed2e74845e75e9128410
  arch: x86_64
  platform: osx
  license: ISC
  size: 156925
  timestamp: 1734208413176
- conda: https://conda.anaconda.org/conda-forge/osx-64/gflags-2.2.2-hac325c4_1005.conda
  sha256: c0bea66f71a6f4baa8d4f0248e17f65033d558d9e882c0af571b38bcca3e4b46
  md5: a26de8814083a6971f14f9c8c3cb36c2
  depends:
  - __osx >=10.13
  - libcxx >=17
  arch: x86_64
  platform: osx
  license: BSD-3-Clause
  license_family: BSD
  size: 84946
  timestamp: 1726600054963
- conda: https://conda.anaconda.org/conda-forge/osx-64/glog-0.7.1-h2790a97_0.conda
  sha256: dd56547db8625eb5c91bb0a9fbe8bd6f5c7fbf5b6059d46365e94472c46b24f9
  md5: 06cf91665775b0da395229cd4331b27d
  depends:
  - __osx >=10.13
  - gflags >=2.2.2,<2.3.0a0
  - libcxx >=16
  arch: x86_64
  platform: osx
  license: BSD-3-Clause
  license_family: BSD
  size: 117017
  timestamp: 1718284325443
- conda: https://conda.anaconda.org/conda-forge/osx-64/krb5-1.21.3-h37d8d59_0.conda
  sha256: 83b52685a4ce542772f0892a0f05764ac69d57187975579a0835ff255ae3ef9c
  md5: d4765c524b1d91567886bde656fb514b
  depends:
  - __osx >=10.13
  - libcxx >=16
  - libedit >=3.1.20191231,<3.2.0a0
  - libedit >=3.1.20191231,<4.0a0
  - openssl >=3.3.1,<4.0a0
  arch: x86_64
  platform: osx
  license: MIT
  license_family: MIT
  size: 1185323
  timestamp: 1719463492984
- conda: https://conda.anaconda.org/conda-forge/osx-64/libabseil-20240722.0-cxx17_h0e468a2_4.conda
  sha256: 375e98c007cbe2535b89adccf4d417480d54ce2fb4b559f0b700da294dee3985
  md5: 03dd3d0563d01c2b82881734ee0eb334
  depends:
  - __osx >=10.13
  - libcxx >=18
  constrains:
  - abseil-cpp =20240722.0
  - libabseil-static =20240722.0=cxx17*
  arch: x86_64
  platform: osx
  license: Apache-2.0
  license_family: Apache
  size: 1163503
  timestamp: 1736008705613
- conda: https://conda.anaconda.org/conda-forge/osx-64/libarrow-18.1.0-h731e907_7_cpu.conda
  build_number: 7
  sha256: d7a4a9669314a0fbdd8414bb3ce508030b02e0a4b211ae8e9ca4af509f2230bb
  md5: 00c2abedf2e127d1a4934573582a191d
  depends:
  - __osx >=10.13
  - aws-crt-cpp >=0.29.7,<0.29.8.0a0
  - aws-sdk-cpp >=1.11.458,<1.11.459.0a0
  - azure-core-cpp >=1.14.0,<1.14.1.0a0
  - azure-identity-cpp >=1.10.0,<1.10.1.0a0
  - azure-storage-blobs-cpp >=12.13.0,<12.13.1.0a0
  - azure-storage-files-datalake-cpp >=12.12.0,<12.12.1.0a0
  - bzip2 >=1.0.8,<2.0a0
  - glog >=0.7.1,<0.8.0a0
  - libabseil * cxx17*
  - libabseil >=20240722.0,<20240723.0a0
  - libbrotlidec >=1.1.0,<1.2.0a0
  - libbrotlienc >=1.1.0,<1.2.0a0
  - libcxx >=18
  - libgoogle-cloud >=2.33.0,<2.34.0a0
  - libgoogle-cloud-storage >=2.33.0,<2.34.0a0
  - libre2-11 >=2024.7.2
  - libutf8proc >=2.9.0,<2.10.0a0
  - libzlib >=1.3.1,<2.0a0
  - lz4-c >=1.10.0,<1.11.0a0
  - orc >=2.0.3,<2.0.4.0a0
  - re2
  - snappy >=1.2.1,<1.3.0a0
  - zstd >=1.5.6,<1.6.0a0
  constrains:
  - apache-arrow-proc =*=cpu
  - parquet-cpp <0.0a0
  - arrow-cpp <0.0a0
  arch: x86_64
  platform: osx
  license: Apache-2.0
  license_family: APACHE
  size: 6144451
  timestamp: 1735682511345
- conda: https://conda.anaconda.org/conda-forge/osx-64/libarrow-acero-18.1.0-ha6338a2_7_cpu.conda
  build_number: 7
  sha256: d53c9061a238ebccb90d517754be28f3ae1ab46392465fff734e8c39be797db8
  md5: ddb5f651c4b24ed6cfdb72ab3eb16cca
  depends:
  - __osx >=10.13
  - libarrow 18.1.0 h731e907_7_cpu
  - libcxx >=18
  arch: x86_64
  platform: osx
  license: Apache-2.0
  license_family: APACHE
  size: 523592
  timestamp: 1735682637180
- conda: https://conda.anaconda.org/conda-forge/osx-64/libarrow-dataset-18.1.0-ha6338a2_7_cpu.conda
  build_number: 7
  sha256: 8b34b502ab3fd52ad0b517dd50f890bf806708a9c7af35f2109222f1813657da
  md5: 78aa4227c13935e5f9d90854b85073d1
  depends:
  - __osx >=10.13
  - libarrow 18.1.0 h731e907_7_cpu
  - libarrow-acero 18.1.0 ha6338a2_7_cpu
  - libcxx >=18
  - libparquet 18.1.0 h3e22b07_7_cpu
  arch: x86_64
  platform: osx
  license: Apache-2.0
  license_family: APACHE
  size: 515138
  timestamp: 1735683747729
- conda: https://conda.anaconda.org/conda-forge/osx-64/libarrow-substrait-18.1.0-h5c2345d_7_cpu.conda
  build_number: 7
  sha256: 7dbdf11c296335fb411ecf5221e91e16cf81568d9b972b895ad4896e71cb9864
  md5: 879151dd1069880c0a2ad999cc024c82
  depends:
  - __osx >=10.13
  - libabseil * cxx17*
  - libabseil >=20240722.0,<20240723.0a0
  - libarrow 18.1.0 h731e907_7_cpu
  - libarrow-acero 18.1.0 ha6338a2_7_cpu
  - libarrow-dataset 18.1.0 ha6338a2_7_cpu
  - libcxx >=18
  - libprotobuf >=5.28.3,<5.28.4.0a0
  arch: x86_64
  platform: osx
  license: Apache-2.0
  license_family: APACHE
  size: 466013
  timestamp: 1735683926559
- conda: https://conda.anaconda.org/conda-forge/osx-64/libbrotlicommon-1.1.0-h00291cd_2.conda
  sha256: b377056470a9fb4a100aa3c51b3581aab6496ba84d21cd99bcc1d5ef0359b1b6
  md5: 58f2c4bdd56c46cc7451596e4ae68e0b
  depends:
  - __osx >=10.13
  arch: x86_64
  platform: osx
  license: MIT
  license_family: MIT
  size: 67267
  timestamp: 1725267768667
- conda: https://conda.anaconda.org/conda-forge/osx-64/libbrotlidec-1.1.0-h00291cd_2.conda
  sha256: 4d49ea72e2f44d2d7a8be5472e4bd0bc2c6b89c55569de2c43576363a0685c0c
  md5: 34709a1f5df44e054c4a12ab536c5459
  depends:
  - __osx >=10.13
  - libbrotlicommon 1.1.0 h00291cd_2
  arch: x86_64
  platform: osx
  license: MIT
  license_family: MIT
  size: 29872
  timestamp: 1725267807289
- conda: https://conda.anaconda.org/conda-forge/osx-64/libbrotlienc-1.1.0-h00291cd_2.conda
  sha256: 477d236d389473413a1ccd2bec1b66b2f1d2d7d1b4a57bb56421b7b611a56cd1
  md5: 691f0dcb36f1ae67f5c489f20ae987ea
  depends:
  - __osx >=10.13
  - libbrotlicommon 1.1.0 h00291cd_2
  arch: x86_64
  platform: osx
  license: MIT
  license_family: MIT
  size: 296353
  timestamp: 1725267822076
- conda: https://conda.anaconda.org/conda-forge/osx-64/libcrc32c-1.1.2-he49afe7_0.tar.bz2
  sha256: 3043869ac1ee84554f177695e92f2f3c2c507b260edad38a0bf3981fce1632ff
  md5: 23d6d5a69918a438355d7cbc4c3d54c9
  depends:
  - libcxx >=11.1.0
  arch: x86_64
  platform: osx
  license: BSD-3-Clause
  license_family: BSD
  size: 20128
  timestamp: 1633683906221
- conda: https://conda.anaconda.org/conda-forge/osx-64/libcurl-8.11.1-h5dec5d8_0.conda
  sha256: a4ee3da1a5fd753a382d129dffb079a1e8a244e5c7ff3f7aadc15bf127f8b5e5
  md5: 2f80e92674f4a92e9f8401494496ee62
  depends:
  - __osx >=10.13
  - krb5 >=1.21.3,<1.22.0a0
  - libnghttp2 >=1.64.0,<2.0a0
  - libssh2 >=1.11.1,<2.0a0
  - libzlib >=1.3.1,<2.0a0
  - openssl >=3.4.0,<4.0a0
  - zstd >=1.5.6,<1.6.0a0
  arch: x86_64
  platform: osx
  license: curl
  license_family: MIT
  size: 406590
  timestamp: 1734000110972
- conda: https://conda.anaconda.org/conda-forge/osx-64/libcxx-19.1.6-hf95d169_1.conda
  sha256: c40661648c34c08e21b69e0eec021ccaf090ffff070d2a9cbcb1519e1b310568
  md5: 1bad6c181a0799298aad42fc5a7e98b7
  depends:
  - __osx >=10.13
  arch: x86_64
  platform: osx
  license: Apache-2.0 WITH LLVM-exception
  license_family: Apache
  size: 527370
  timestamp: 1734494305140
- conda: https://conda.anaconda.org/conda-forge/osx-64/libedit-3.1.20240808-pl5321ha958ccf_0.conda
  sha256: 3fb953fcc1fe3d0a90984517b95ebf3817cab96876a9cd9f22d3d493483a97e3
  md5: 32bff389574b5f03cdce349aa0486dcd
  depends:
  - ncurses
  - __osx >=10.13
  - ncurses >=6.5,<7.0a0
  arch: x86_64
  platform: osx
  license: BSD-2-Clause
  license_family: BSD
  size: 115518
  timestamp: 1736191967832
- conda: https://conda.anaconda.org/conda-forge/osx-64/libev-4.33-h10d778d_2.conda
  sha256: 0d238488564a7992942aa165ff994eca540f687753b4f0998b29b4e4d030ff43
  md5: 899db79329439820b7e8f8de41bca902
  arch: x86_64
  platform: osx
  license: BSD-2-Clause
  license_family: BSD
  size: 106663
  timestamp: 1702146352558
- conda: https://conda.anaconda.org/conda-forge/osx-64/libevent-2.1.12-ha90c15b_1.conda
  sha256: e0bd9af2a29f8dd74309c0ae4f17a7c2b8c4b89f875ff1d6540c941eefbd07fb
  md5: e38e467e577bd193a7d5de7c2c540b04
  depends:
  - openssl >=3.1.1,<4.0a0
  arch: x86_64
  platform: osx
  license: BSD-3-Clause
  license_family: BSD
  size: 372661
  timestamp: 1685726378869
- conda: https://conda.anaconda.org/conda-forge/osx-64/libexpat-2.6.4-h240833e_0.conda
  sha256: d10f43d0c5df6c8cf55259bce0fe14d2377eed625956cddce06f58827d288c59
  md5: 20307f4049a735a78a29073be1be2626
  depends:
  - __osx >=10.13
  constrains:
  - expat 2.6.4.*
  arch: x86_64
  platform: osx
  license: MIT
  license_family: MIT
  size: 70758
  timestamp: 1730967204736
- conda: https://conda.anaconda.org/conda-forge/osx-64/libffi-3.4.2-h0d85af4_5.tar.bz2
  sha256: 7a2d27a936ceee6942ea4d397f9c7d136f12549d86f7617e8b6bad51e01a941f
  md5: ccb34fb14960ad8b125962d3d79b31a9
  arch: x86_64
  platform: osx
  license: MIT
  license_family: MIT
  size: 51348
  timestamp: 1636488394370
- conda: https://conda.anaconda.org/conda-forge/osx-64/libgoogle-cloud-2.33.0-h7000a09_1.conda
  sha256: 2deaae2414181e70835bef8bd5967d009dc4ff1183c83a67f62bf9717333f33b
  md5: 484b41c0e65ddc07ad478149c7a4f6fc
  depends:
  - __osx >=10.13
  - libabseil * cxx17*
  - libabseil >=20240722.0,<20240723.0a0
  - libcurl >=8.11.1,<9.0a0
  - libcxx >=18
  - libgrpc >=1.67.1,<1.68.0a0
  - libprotobuf >=5.28.3,<5.28.4.0a0
  - openssl >=3.4.0,<4.0a0
  constrains:
  - libgoogle-cloud 2.33.0 *_1
  arch: x86_64
  platform: osx
  license: Apache-2.0
  license_family: Apache
  size: 894013
  timestamp: 1735647784143
- conda: https://conda.anaconda.org/conda-forge/osx-64/libgoogle-cloud-storage-2.33.0-h3f2b517_1.conda
  sha256: d02e0e7bbd8fe77c749e5e1555c376a405958eb9550a089156706016e80698a3
  md5: e751df01fdae2bcfc58f2abf1a2f1134
  depends:
  - __osx >=10.13
  - libabseil
  - libcrc32c >=1.1.2,<1.2.0a0
  - libcurl
  - libcxx >=18
  - libgoogle-cloud 2.33.0 h7000a09_1
  - libzlib >=1.3.1,<2.0a0
  - openssl
  arch: x86_64
  platform: osx
  license: Apache-2.0
  license_family: Apache
  size: 541718
  timestamp: 1735648985705
- conda: https://conda.anaconda.org/conda-forge/osx-64/libgrpc-1.67.1-h4896ac0_1.conda
  sha256: 7d70fb44315e58d31f3bd07319ea61db7348e51d35a7e2127908db76edccc247
  md5: e6f9b94b637c659257d7ea8508748905
  depends:
  - __osx >=10.13
  - c-ares >=1.34.4,<2.0a0
  - libabseil * cxx17*
  - libabseil >=20240722.0,<20240723.0a0
  - libcxx >=18
  - libprotobuf >=5.28.3,<5.28.4.0a0
  - libre2-11 >=2024.7.2
  - libzlib >=1.3.1,<2.0a0
  - openssl >=3.4.0,<4.0a0
  - re2
  constrains:
  - grpc-cpp =1.67.1
  arch: x86_64
  platform: osx
  license: Apache-2.0
  license_family: APACHE
  size: 5448968
  timestamp: 1735584736883
- conda: https://conda.anaconda.org/conda-forge/osx-64/libiconv-1.17-hd75f5a5_2.conda
  sha256: 23d4923baeca359423a7347c2ed7aaf48c68603df0cf8b87cc94a10b0d4e9a23
  md5: 6c3628d047e151efba7cf08c5e54d1ca
  arch: x86_64
  platform: osx
  license: LGPL-2.1-only
  size: 666538
  timestamp: 1702682713201
- conda: https://conda.anaconda.org/conda-forge/osx-64/liblzma-5.6.3-hd471939_1.conda
  sha256: c70639ff3cb034a8e31cb081c907879b6a639bb12b0e090069a68eb69125b10e
  md5: f9e9205fed9c664421c1c09f0b90ce6d
  depends:
  - __osx >=10.13
  arch: x86_64
  platform: osx
  license: 0BSD
  size: 103745
  timestamp: 1733407504892
- conda: https://conda.anaconda.org/conda-forge/osx-64/libnghttp2-1.64.0-hc7306c3_0.conda
  sha256: 0dcfdcf3a445d2d7de4f3b186ab0a794dc872f4ea21622f9b997be72712c027f
  md5: ab21007194b97beade22ceb7a3f6fee5
  depends:
  - __osx >=10.13
  - c-ares >=1.34.2,<2.0a0
  - libcxx >=17
  - libev >=4.33,<4.34.0a0
  - libev >=4.33,<5.0a0
  - libzlib >=1.3.1,<2.0a0
  - openssl >=3.3.2,<4.0a0
  arch: x86_64
  platform: osx
  license: MIT
  license_family: MIT
  size: 606663
  timestamp: 1729572019083
- conda: https://conda.anaconda.org/conda-forge/osx-64/libparquet-18.1.0-h3e22b07_7_cpu.conda
  build_number: 7
  sha256: 3e8133fe63b452f44eaad9b30f4465ea484298e58b11f1c3be11094c041875ec
  md5: 1fdfc5d33d8c0a50a4fd72855658051a
  depends:
  - __osx >=10.13
  - libarrow 18.1.0 h731e907_7_cpu
  - libcxx >=18
  - libthrift >=0.21.0,<0.21.1.0a0
  - openssl >=3.4.0,<4.0a0
  arch: x86_64
  platform: osx
  license: Apache-2.0
  license_family: APACHE
  size: 943121
  timestamp: 1735683652945
- conda: https://conda.anaconda.org/conda-forge/osx-64/libprotobuf-5.28.3-h6401091_1.conda
  sha256: 7bd8467402040312cf1030d98427b6bdce9905e519a1979cd7aa5f0fb0902cad
  md5: 5601e7ce099eb72741e9cd6413f42a07
  depends:
  - __osx >=10.13
  - libabseil * cxx17*
  - libabseil >=20240722.0,<20240723.0a0
  - libcxx >=18
  - libzlib >=1.3.1,<2.0a0
  arch: x86_64
  platform: osx
  license: BSD-3-Clause
  license_family: BSD
  size: 2312598
  timestamp: 1735576514825
- conda: https://conda.anaconda.org/conda-forge/osx-64/libre2-11-2024.07.02-h0e468a2_2.conda
  sha256: 8d29abd9b800f55b56e60b5acb02fab3f3269f5518a7fb4286ca93ca7fef0eff
  md5: 975743594ba5382fe7e71cda599ac6e8
  depends:
  - __osx >=10.13
  - libabseil * cxx17*
  - libabseil >=20240722.0,<20240723.0a0
  - libcxx >=18
  constrains:
  - re2 2024.07.02.*
  arch: x86_64
  platform: osx
  license: BSD-3-Clause
  license_family: BSD
  size: 179212
  timestamp: 1735541074638
- conda: https://conda.anaconda.org/conda-forge/osx-64/libsqlite-3.47.2-hdb6dae5_0.conda
  sha256: 4d5e188d921f93c97ce172fc8c4341e8171670ec98d76f9961f65f6306fcda77
  md5: 44d9799fda97eb34f6d88ac1e3eb0ea6
  depends:
  - __osx >=10.13
  - libzlib >=1.3.1,<2.0a0
  arch: x86_64
  platform: osx
  license: Unlicense
  size: 923167
  timestamp: 1733761860127
- conda: https://conda.anaconda.org/conda-forge/osx-64/libssh2-1.11.1-h3dc7d44_0.conda
  sha256: ef2a81c9a15080b996a37f0e1712881da90a710b234e63d8539d69892353de90
  md5: b1caec4561059e43a5d056684c5a2de0
  depends:
  - __osx >=10.13
  - libzlib >=1.3.1,<2.0a0
  - openssl >=3.4.0,<4.0a0
  arch: x86_64
  platform: osx
  license: BSD-3-Clause
  license_family: BSD
  size: 283874
  timestamp: 1732349525684
- conda: https://conda.anaconda.org/conda-forge/osx-64/libthrift-0.21.0-h75589b3_0.conda
  sha256: 3f82eddd6de435a408538ac81a7a2c0c155877534761ec9cd7a2906c005cece2
  md5: 7a472cd20d9ae866aeb6e292b33381d6
  depends:
  - __osx >=10.13
  - libcxx >=17
  - libevent >=2.1.12,<2.1.13.0a0
  - libzlib >=1.3.1,<2.0a0
  - openssl >=3.3.2,<4.0a0
  arch: x86_64
  platform: osx
  license: Apache-2.0
  license_family: APACHE
  size: 332651
  timestamp: 1727206546431
- conda: https://conda.anaconda.org/conda-forge/osx-64/libutf8proc-2.9.0-h6e16a3a_1.conda
  sha256: 2c2957a94cd6c950bcdde8a55ea40ddfc65bef393f0eb76be0f281c179327a55
  md5: 2c6188e92dbde6515162a84329c54f13
  depends:
  - __osx >=10.13
  arch: x86_64
  platform: osx
  license: MIT
  license_family: MIT
  size: 79297
  timestamp: 1732868560678
- conda: https://conda.anaconda.org/conda-forge/osx-64/libxml2-2.13.5-he8ee3e7_1.conda
  sha256: 254730b4640684eb392aa70d14d0dec4e0568bdedabd5ee22df4128d95408fe0
  md5: 9379f216f9132d0d3cdeeb10af165262
  depends:
  - __osx >=10.13
  - libiconv >=1.17,<2.0a0
  - liblzma >=5.6.3,<6.0a0
  - libzlib >=1.3.1,<2.0a0
  constrains:
  - icu <0.0a0
  arch: x86_64
  platform: osx
  license: MIT
  license_family: MIT
  size: 609081
  timestamp: 1733443988169
- conda: https://conda.anaconda.org/conda-forge/osx-64/libzlib-1.3.1-hd23fc13_2.conda
  sha256: 8412f96504fc5993a63edf1e211d042a1fd5b1d51dedec755d2058948fcced09
  md5: 003a54a4e32b02f7355b50a837e699da
  depends:
  - __osx >=10.13
  constrains:
  - zlib 1.3.1 *_2
  arch: x86_64
  platform: osx
  license: Zlib
  license_family: Other
  size: 57133
  timestamp: 1727963183990
- conda: https://conda.anaconda.org/conda-forge/osx-64/lz4-c-1.10.0-h240833e_1.conda
  sha256: 8da3c9d4b596e481750440c0250a7e18521e7f69a47e1c8415d568c847c08a1c
  md5: d6b9bd7e356abd7e3a633d59b753495a
  depends:
  - __osx >=10.13
  - libcxx >=18
  arch: x86_64
  platform: osx
  license: BSD-2-Clause
  license_family: BSD
  size: 159500
  timestamp: 1733741074747
- conda: https://conda.anaconda.org/conda-forge/osx-64/ncurses-6.5-hf036a51_1.conda
  sha256: b0b3180039ef19502525a2abd5833c00f9624af830fd391f851934d57bffb9af
  md5: e102bbf8a6ceeaf429deab8032fc8977
  depends:
  - __osx >=10.13
  arch: x86_64
  platform: osx
  license: X11 AND BSD-3-Clause
  size: 822066
  timestamp: 1724658603042
- conda: https://conda.anaconda.org/conda-forge/osx-64/openssl-3.4.0-hc426f3f_1.conda
  sha256: 879a960d586cf8a64131ac0c060ef575cfb8aa9f6813093cba92042a86ee867c
  md5: eaae23dbfc9ec84775097898526c72ea
  depends:
  - __osx >=10.13
  - ca-certificates
  arch: x86_64
  platform: osx
  license: Apache-2.0
  license_family: Apache
  size: 2590210
  timestamp: 1736086530077
- conda: https://conda.anaconda.org/conda-forge/osx-64/orc-2.0.3-h85ea3fe_2.conda
  sha256: d1f0a40fe5ee1cedfce64a233d7824d7cfd631cc1926efd76b3b3dd24038fa61
  md5: 9b413c1921a9139e11035146f974d5b7
  depends:
  - __osx >=10.13
  - libcxx >=18
  - libprotobuf >=5.28.3,<5.28.4.0a0
  - libzlib >=1.3.1,<2.0a0
  - lz4-c >=1.10.0,<1.11.0a0
  - snappy >=1.2.1,<1.3.0a0
  - tzdata
  - zstd >=1.5.6,<1.6.0a0
  arch: x86_64
  platform: osx
  license: Apache-2.0
  license_family: Apache
  size: 467437
  timestamp: 1735630529216
- conda: https://conda.anaconda.org/conda-forge/osx-64/pyarrow-18.1.0-py312hb401068_0.conda
  sha256: 4c082a46c347342e333d8b60b75f81fc19e5c75919e12da70bf6c283fb574b38
  md5: ad015ab2f9862f5c443a4705b6892aac
  depends:
  - libarrow-acero 18.1.0.*
  - libarrow-dataset 18.1.0.*
  - libarrow-substrait 18.1.0.*
  - libparquet 18.1.0.*
  - pyarrow-core 18.1.0 *_0_*
  - python >=3.12,<3.13.0a0
  - python_abi 3.12.* *_cp312
  arch: x86_64
  platform: osx
  license: Apache-2.0
  license_family: APACHE
  size: 25248
  timestamp: 1732610657140
- conda: https://conda.anaconda.org/conda-forge/osx-64/pyarrow-core-18.1.0-py312h5157fe3_0_cpu.conda
  sha256: f0c9f663691137ab645cb2d84c41d991e34b4c520a1a78aaca2617121c6db08c
  md5: 6fe889ac9737dd085144529fce7d03a5
  depends:
  - __osx >=10.13
  - libarrow 18.1.0.* *cpu
  - libcxx >=18
  - libzlib >=1.3.1,<2.0a0
  - python >=3.12,<3.13.0a0
  - python_abi 3.12.* *_cp312
  constrains:
  - numpy >=1.21,<3
  - apache-arrow-proc =*=cpu
  arch: x86_64
  platform: osx
  license: Apache-2.0
  license_family: APACHE
  size: 4001588
  timestamp: 1732610633348
- conda: https://conda.anaconda.org/conda-forge/osx-64/python-3.12.8-h9ccd52b_1_cpython.conda
  build_number: 1
  sha256: bee7b5288337cde8cbb21f34ff5b041511e4e9ba380838ab1be4deab1b55ea97
  md5: 68a31f9cfbdcab2a4baec79095374780
  depends:
  - __osx >=10.13
  - bzip2 >=1.0.8,<2.0a0
  - libexpat >=2.6.4,<3.0a0
  - libffi >=3.4,<4.0a0
  - liblzma >=5.6.3,<6.0a0
  - libsqlite >=3.47.0,<4.0a0
  - libzlib >=1.3.1,<2.0a0
  - ncurses >=6.5,<7.0a0
  - openssl >=3.4.0,<4.0a0
  - readline >=8.2,<9.0a0
  - tk >=8.6.13,<8.7.0a0
  - tzdata
  constrains:
  - python_abi 3.12.* *_cp312
  arch: x86_64
  platform: osx
  license: Python-2.0
  size: 13683139
  timestamp: 1733410021762
- conda: https://conda.anaconda.org/conda-forge/osx-64/python_abi-3.12-5_cp312.conda
  build_number: 5
  sha256: 4da26c7508d5bc5d8621e84dc510284402239df56aab3587a7d217de9d3c806d
  md5: c34dd4920e0addf7cfcc725809f25d8e
  constrains:
  - python 3.12.* *_cpython
  arch: x86_64
  platform: osx
  license: BSD-3-Clause
  license_family: BSD
  size: 6312
  timestamp: 1723823137004
- conda: https://conda.anaconda.org/conda-forge/osx-64/re2-2024.07.02-ha5e900a_2.conda
  sha256: 960729dd943daff21bf2b1f5a9380c17420c5307d4d250766525e266bd0acca7
  md5: 5fd6022c97d78c252f1cc8d7433e97d0
  depends:
  - libre2-11 2024.07.02 h0e468a2_2
  arch: x86_64
  platform: osx
  license: BSD-3-Clause
  license_family: BSD
  size: 26920
  timestamp: 1735541096841
- conda: https://conda.anaconda.org/conda-forge/osx-64/readline-8.2-h9e318b2_1.conda
  sha256: 41e7d30a097d9b060037f0c6a2b1d4c4ae7e942c06c943d23f9d481548478568
  md5: f17f77f2acf4d344734bda76829ce14e
  depends:
  - ncurses >=6.3,<7.0a0
  arch: x86_64
  platform: osx
  license: GPL-3.0-only
  license_family: GPL
  size: 255870
  timestamp: 1679532707590
- conda: https://conda.anaconda.org/conda-forge/osx-64/snappy-1.2.1-haf3c120_1.conda
  sha256: 26e8a2edd2a12618d9adcdcfc6cfd9adaca8da71aa334615d29e803d225b52be
  md5: 9d6ae6d5232233e1a01eb7db524078fb
  depends:
  - __osx >=10.13
  - libcxx >=18
  arch: x86_64
  platform: osx
  license: BSD-3-Clause
  license_family: BSD
  size: 36813
  timestamp: 1733502097580
- conda: https://conda.anaconda.org/conda-forge/osx-64/tk-8.6.13-h1abcd95_1.conda
  sha256: 30412b2e9de4ff82d8c2a7e5d06a15f4f4fef1809a72138b6ccb53a33b26faf5
  md5: bf830ba5afc507c6232d4ef0fb1a882d
  depends:
  - libzlib >=1.2.13,<2.0.0a0
  arch: x86_64
  platform: osx
  license: TCL
  license_family: BSD
  size: 3270220
  timestamp: 1699202389792
- conda: https://conda.anaconda.org/conda-forge/noarch/tzdata-2024b-hc8b5060_0.conda
  sha256: 4fde5c3008bf5d2db82f2b50204464314cc3c91c1d953652f7bd01d9e52aefdf
  md5: 8ac3367aafb1cc0a068483c580af8015
  license: LicenseRef-Public-Domain
  size: 122354
  timestamp: 1728047496079
- conda: https://conda.anaconda.org/conda-forge/osx-64/zstd-1.5.6-h915ae27_0.conda
  sha256: efa04a98cb149643fa54c4dad5a0179e36a5fbc88427ea0eec88ceed87fd0f96
  md5: 4cb2cd56f039b129bb0e491c1164167e
  depends:
  - __osx >=10.9
  - libzlib >=1.2.13,<2.0.0a0
  arch: x86_64
  platform: osx
  license: BSD-3-Clause
  license_family: BSD
  size: 498900
  timestamp: 1714723303098
